Microsoft Visual Studio Solution File, Format Version 11.00
# Visual Studio 2008

Project("{273A1382-0C26-1AE6-13F6-C4F3A803429C}") = "eurotaxisimulator", "Assembly-CSharp.csproj", "{4D6EEE93-B848-F5F4-04E1-8D7A9BD6EEF1}"
EndProject
Global
	GlobalSection(SolutionConfigurationPlatforms) = preSolution
		Debug|Any CPU = Debug|Any CPU
		Release|Any CPU = Release|Any CPU
	EndGlobalSection
	GlobalSection(ProjectConfigurationPlatforms) = postSolution
		{4D6EEE93-B848-F5F4-04E1-8D7A9BD6EEF1}.Debug|Any CPU.ActiveCfg = Debug|Any CPU
		{4D6EEE93-B848-F5F4-04E1-8D7A9BD6EEF1}.Debug|Any CPU.Build.0 = Debug|Any CPU
		{4D6EEE93-B848-F5F4-04E1-8D7A9BD6EEF1}.Release|Any CPU.ActiveCfg = Release|Any CPU
		{4D6EEE93-B848-F5F4-04E1-8D7A9BD6EEF1}.Release|Any CPU.Build.0 = Release|Any CPU
	EndGlobalSection
	GlobalSection(SolutionProperties) = preSolution
		HideSolutionNode = FALSE
	EndGlobalSection
	GlobalSection(MonoDevelopProperties) = preSolution
		StartupItem = Assembly-CSharp.csproj
	EndGlobalSection
EndGlobal
